# THIS IS AN AUTOGENERATED FILE. DO NOT EDIT THIS FILE DIRECTLY.
# yarn lockfile v1


coc-css@^1.2.2:
  version "1.2.2"
  resolved "https://registry.yarnpkg.com/coc-css/-/coc-css-1.2.2.tgz#9b62ac96a9db8c687396ab4648c0c67dc3897a2f"
  integrity sha512-JvZnKZZJZemS70o972OEjfnMGGO2sLpJA3iX1OT3CXmaymPb8CmufboyCVnzGMDMbFL/qHgfjbdw9kOg5ZtzzQ==

coc-tsserver@^1.4.9:
  version "1.4.9"
  resolved "https://registry.yarnpkg.com/coc-tsserver/-/coc-tsserver-1.4.9.tgz#a6a1424d2445d323670046c3823f2ad89c8246a7"
  integrity sha512-zrszvyK/dI0ueebeGKg0LKE79ci6iXe9/kCAAS/312ayh7M0t5BJT+u90ZrVYqvhtBrSu3UCmOw7dnDUwboSjg==
  dependencies:
    typescript "3.7.3"

typescript@3.7.3:
  version "3.7.3"
  resolved "https://registry.yarnpkg.com/typescript/-/typescript-3.7.3.tgz#b36840668a16458a7025b9eabfad11b66ab85c69"
  integrity sha512-Mcr/Qk7hXqFBXMN7p7Lusj1ktCBydylfQM/FZCk5glCNQJrCUKPkMHdo9R0MTFWsC/4kPFvDS0fDPvukfCkFsw==
